
Microsoft Visual Studio Solution File, Format Version 12.00
# Visual Studio 14
VisualStudioVersion = 14.0.24720.0
MinimumVisualStudioVersion = 10.0.40219.1
Project("{FAE04EC0-301F-11D3-BF4B-00C04F79EFBC}") = "GameOfLife", "GameOfLife.csproj", "{D74F65C4-BE19-4D2E-8970-609DA2EF2C66}"
EndProject
Project("{FAE04EC0-301F-11D3-BF4B-00C04F79EFBC}") = "GameDisplay", "..\GameDisplay\GameDisplay.csproj", "{307E81D3-718C-410B-B180-C79616993750}"
	ProjectSection(ProjectDependencies) = postProject
		{D74F65C4-BE19-4D2E-8970-609DA2EF2C66} = {D74F65C4-BE19-4D2E-8970-609DA2EF2C66}
	EndProjectSection
EndProject
Global
	GlobalSection(SolutionConfigurationPlatforms) = preSolution
		Debug|Any CPU = Debug|Any CPU
		Release|Any CPU = Release|Any CPU
	EndGlobalSection
	GlobalSection(ProjectConfigurationPlatforms) = postSolution
		{D74F65C4-BE19-4D2E-8970-609DA2EF2C66}.Debug|Any CPU.ActiveCfg = Debug|Any CPU
		{D74F65C4-BE19-4D2E-8970-609DA2EF2C66}.Debug|Any CPU.Build.0 = Debug|Any CPU
		{D74F65C4-BE19-4D2E-8970-609DA2EF2C66}.Release|Any CPU.ActiveCfg = Release|Any CPU
		{D74F65C4-BE19-4D2E-8970-609DA2EF2C66}.Release|Any CPU.Build.0 = Release|Any CPU
		{307E81D3-718C-410B-B180-C79616993750}.Debug|Any CPU.ActiveCfg = Debug|Any CPU
		{307E81D3-718C-410B-B180-C79616993750}.Debug|Any CPU.Build.0 = Debug|Any CPU
		{307E81D3-718C-410B-B180-C79616993750}.Release|Any CPU.ActiveCfg = Release|Any CPU
		{307E81D3-718C-410B-B180-C79616993750}.Release|Any CPU.Build.0 = Release|Any CPU
	EndGlobalSection
	GlobalSection(SolutionProperties) = preSolution
		HideSolutionNode = FALSE
	EndGlobalSection
EndGlobal
